{
  "requires": true,
  "lockfileVersion": 1,
  "dependencies": {
    "babel-plugin-dotenv": {
      "version": "0.1.1",
      "resolved": "https://registry.npmjs.org/babel-plugin-dotenv/-/babel-plugin-dotenv-0.1.1.tgz",
      "integrity": "sha1-nI+upnp8A0/n6UCZGHqy51c0ALw=",
      "dev": true,
      "requires": {
        "dotenv": "^2.0.0"
      },
      "dependencies": {
        "dotenv": {
          "version": "2.0.0",
          "resolved": "https://registry.npmjs.org/dotenv/-/dotenv-2.0.0.tgz",
          "integrity": "sha1-vXWcNXqqcDZeAclrewvsCKbg2Uk=",
          "dev": true
        }
      }
    },
    "dotenv": {
      "version": "8.0.0",
      "resolved": "https://registry.npmjs.org/dotenv/-/dotenv-8.0.0.tgz",
      "integrity": "sha512-30xVGqjLjiUOArT4+M5q9sYdvuR4riM6yK9wMcas9Vbp6zZa+ocC9dp6QoftuhTPhFAiLK/0C5Ni2nou/Bk8lg=="
    },
    "react-native-dotenv": {
      "version": "0.2.0",
      "resolved": "https://registry.npmjs.org/react-native-dotenv/-/react-native-dotenv-0.2.0.tgz",
      "integrity": "sha1-MRVRy2o1o9z+3mSL3tVcDj7OV50=",
      "dev": true,
      "requires": {
        "babel-plugin-dotenv": "0.1.1"
      }
    }
  }
}
